
Microsoft Visual Studio Solution File, Format Version 12.00
Project("{FAE04EC0-301F-11D3-BF4B-00C04F79EFBC}") = "IroojGradingSystem", "IroojGradingSystem\IroojGradingSystem.csproj", "{08E33C29-7273-4012-80F6-9C240640B067}"
EndProject
Project("{FAE04EC0-301F-11D3-BF4B-00C04F79EFBC}") = "CPP", "CPP\CPP.csproj", "{AE3214DE-FCFB-4D5D-A5A9-1B953AA2B2BD}"
EndProject
Project("{FAE04EC0-301F-11D3-BF4B-00C04F79EFBC}") = "CS", "CS\CS.csproj", "{A12B27EB-3750-4834-9BC5-1D7AF0EDF312}"
EndProject
Project("{FAE04EC0-301F-11D3-BF4B-00C04F79EFBC}") = "Rust", "Rust\Rust.csproj", "{0DE3A841-8B8C-4025-A7DA-579E3D76564F}"
EndProject
Global
	GlobalSection(SolutionConfigurationPlatforms) = preSolution
		Debug|Any CPU = Debug|Any CPU
		Release|Any CPU = Release|Any CPU
	EndGlobalSection
	GlobalSection(ProjectConfigurationPlatforms) = postSolution
		{08E33C29-7273-4012-80F6-9C240640B067}.Debug|Any CPU.ActiveCfg = Debug|Any CPU
		{08E33C29-7273-4012-80F6-9C240640B067}.Debug|Any CPU.Build.0 = Debug|Any CPU
		{08E33C29-7273-4012-80F6-9C240640B067}.Release|Any CPU.ActiveCfg = Release|Any CPU
		{08E33C29-7273-4012-80F6-9C240640B067}.Release|Any CPU.Build.0 = Release|Any CPU
		{AE3214DE-FCFB-4D5D-A5A9-1B953AA2B2BD}.Debug|Any CPU.ActiveCfg = Debug|Any CPU
		{AE3214DE-FCFB-4D5D-A5A9-1B953AA2B2BD}.Debug|Any CPU.Build.0 = Debug|Any CPU
		{AE3214DE-FCFB-4D5D-A5A9-1B953AA2B2BD}.Release|Any CPU.ActiveCfg = Release|Any CPU
		{AE3214DE-FCFB-4D5D-A5A9-1B953AA2B2BD}.Release|Any CPU.Build.0 = Release|Any CPU
		{A12B27EB-3750-4834-9BC5-1D7AF0EDF312}.Debug|Any CPU.ActiveCfg = Debug|Any CPU
		{A12B27EB-3750-4834-9BC5-1D7AF0EDF312}.Debug|Any CPU.Build.0 = Debug|Any CPU
		{A12B27EB-3750-4834-9BC5-1D7AF0EDF312}.Release|Any CPU.ActiveCfg = Release|Any CPU
		{A12B27EB-3750-4834-9BC5-1D7AF0EDF312}.Release|Any CPU.Build.0 = Release|Any CPU
		{0DE3A841-8B8C-4025-A7DA-579E3D76564F}.Debug|Any CPU.ActiveCfg = Debug|Any CPU
		{0DE3A841-8B8C-4025-A7DA-579E3D76564F}.Debug|Any CPU.Build.0 = Debug|Any CPU
		{0DE3A841-8B8C-4025-A7DA-579E3D76564F}.Release|Any CPU.ActiveCfg = Release|Any CPU
		{0DE3A841-8B8C-4025-A7DA-579E3D76564F}.Release|Any CPU.Build.0 = Release|Any CPU
	EndGlobalSection
EndGlobal
