
Microsoft Visual Studio Solution File, Format Version 12.00
Project("{FAE04EC0-301F-11D3-BF4B-00C04F79EFBC}") = "IroojGradingSystem", "IroojGradingSystem\IroojGradingSystem.csproj", "{08E33C29-7273-4012-80F6-9C240640B067}"
EndProject
Project("{FAE04EC0-301F-11D3-BF4B-00C04F79EFBC}") = "GradingManager", "GradingManager\GradingManager.csproj", "{834673C3-5437-4BC7-9A9B-C0942ACF92AD}"
EndProject
Project("{FAE04EC0-301F-11D3-BF4B-00C04F79EFBC}") = "LanguageSupport", "LanguageSupport\LanguageSupport.csproj", "{C8ADD08C-48EF-47EA-AD4A-47CC4900AB05}"
EndProject
Global
	GlobalSection(SolutionConfigurationPlatforms) = preSolution
		Debug|Any CPU = Debug|Any CPU
		Release|Any CPU = Release|Any CPU
	EndGlobalSection
	GlobalSection(ProjectConfigurationPlatforms) = postSolution
		{08E33C29-7273-4012-80F6-9C240640B067}.Debug|Any CPU.ActiveCfg = Debug|Any CPU
		{08E33C29-7273-4012-80F6-9C240640B067}.Debug|Any CPU.Build.0 = Debug|Any CPU
		{08E33C29-7273-4012-80F6-9C240640B067}.Release|Any CPU.ActiveCfg = Release|Any CPU
		{08E33C29-7273-4012-80F6-9C240640B067}.Release|Any CPU.Build.0 = Release|Any CPU
		{834673C3-5437-4BC7-9A9B-C0942ACF92AD}.Debug|Any CPU.ActiveCfg = Debug|Any CPU
		{834673C3-5437-4BC7-9A9B-C0942ACF92AD}.Debug|Any CPU.Build.0 = Debug|Any CPU
		{834673C3-5437-4BC7-9A9B-C0942ACF92AD}.Release|Any CPU.ActiveCfg = Release|Any CPU
		{834673C3-5437-4BC7-9A9B-C0942ACF92AD}.Release|Any CPU.Build.0 = Release|Any CPU
		{C8ADD08C-48EF-47EA-AD4A-47CC4900AB05}.Debug|Any CPU.ActiveCfg = Debug|Any CPU
		{C8ADD08C-48EF-47EA-AD4A-47CC4900AB05}.Debug|Any CPU.Build.0 = Debug|Any CPU
		{C8ADD08C-48EF-47EA-AD4A-47CC4900AB05}.Release|Any CPU.ActiveCfg = Release|Any CPU
		{C8ADD08C-48EF-47EA-AD4A-47CC4900AB05}.Release|Any CPU.Build.0 = Release|Any CPU
	EndGlobalSection
EndGlobal
